
Microsoft Visual Studio Solution File, Format Version 12.00
# Visual Studio Version 16
VisualStudioVersion = 16.0.29728.190
MinimumVisualStudioVersion = 10.0.40219.1
Project("{8BC9CEB8-8B4A-11D0-8D11-00A0C91BC942}") = "Hw1_CS_301_LuisGuerrero", "Hw1_CS_301_LuisGuerrero\Hw1_CS_301_LuisGuerrero.vcxproj", "{4FA6C94D-1521-448D-B73C-83B739D7AF42}"
EndProject
Global
	GlobalSection(SolutionConfigurationPlatforms) = preSolution
		Debug|x64 = Debug|x64
		Debug|x86 = Debug|x86
		Release|x64 = Release|x64
		Release|x86 = Release|x86
	EndGlobalSection
	GlobalSection(ProjectConfigurationPlatforms) = postSolution
		{4FA6C94D-1521-448D-B73C-83B739D7AF42}.Debug|x64.ActiveCfg = Debug|x64
		{4FA6C94D-1521-448D-B73C-83B739D7AF42}.Debug|x64.Build.0 = Debug|x64
		{4FA6C94D-1521-448D-B73C-83B739D7AF42}.Debug|x86.ActiveCfg = Debug|Win32
		{4FA6C94D-1521-448D-B73C-83B739D7AF42}.Debug|x86.Build.0 = Debug|Win32
		{4FA6C94D-1521-448D-B73C-83B739D7AF42}.Release|x64.ActiveCfg = Release|x64
		{4FA6C94D-1521-448D-B73C-83B739D7AF42}.Release|x64.Build.0 = Release|x64
		{4FA6C94D-1521-448D-B73C-83B739D7AF42}.Release|x86.ActiveCfg = Release|Win32
		{4FA6C94D-1521-448D-B73C-83B739D7AF42}.Release|x86.Build.0 = Release|Win32
	EndGlobalSection
	GlobalSection(SolutionProperties) = preSolution
		HideSolutionNode = FALSE
	EndGlobalSection
	GlobalSection(ExtensibilityGlobals) = postSolution
		SolutionGuid = {7BBDF8EE-63F5-495F-BD3A-2715677EF10C}
	EndGlobalSection
EndGlobal
